
Microsoft Visual Studio Solution File, Format Version 12.00
# Visual Studio Version 16
VisualStudioVersion = 16.0.810.16
MinimumVisualStudioVersion = 10.0.40219.1
Project("{FAE04EC0-301F-11D3-BF4B-00C04F79EFBC}") = "supervaga", "supervaga.csproj", "{DB91EAF5-AEF7-4677-810E-DCCA72EE3B48}"
EndProject
Global
	GlobalSection(SolutionConfigurationPlatforms) = preSolution
		Debug|Any CPU = Debug|Any CPU
		Release|Any CPU = Release|Any CPU
	EndGlobalSection
	GlobalSection(ProjectConfigurationPlatforms) = postSolution
		{DB91EAF5-AEF7-4677-810E-DCCA72EE3B48}.Debug|Any CPU.ActiveCfg = Debug|Any CPU
		{DB91EAF5-AEF7-4677-810E-DCCA72EE3B48}.Debug|Any CPU.Build.0 = Debug|Any CPU
		{DB91EAF5-AEF7-4677-810E-DCCA72EE3B48}.Release|Any CPU.ActiveCfg = Release|Any CPU
		{DB91EAF5-AEF7-4677-810E-DCCA72EE3B48}.Release|Any CPU.Build.0 = Release|Any CPU
	EndGlobalSection
	GlobalSection(SolutionProperties) = preSolution
		HideSolutionNode = FALSE
	EndGlobalSection
	GlobalSection(ExtensibilityGlobals) = postSolution
		SolutionGuid = {9CE77BD5-F709-4739-A879-D312F285706A}
	EndGlobalSection
EndGlobal
